{
  "name": "epf",
  "version": "0.1.4",
  "dependencies": {
    "mkdirp": {
      "version": "0.3.5",
      "from": "mkdirp@*"
    },
    "mocha-as-promised": {
      "version": "1.4.0",
      "from": "mocha-as-promised@*"
    },
    "chai": {
      "version": "1.8.0",
      "from": "chai@*",
      "resolved": "http://registry.npmjs.org/chai/-/chai-1.8.0.tgz",
      "dependencies": {
        "assertion-error": {
          "version": "1.0.0",
          "from": "assertion-error@1.0.0"
        },
        "deep-eql": {
          "version": "0.1.2",
          "from": "deep-eql@0.1.2",
          "resolved": "http://registry.npmjs.org/deep-eql/-/deep-eql-0.1.2.tgz",
          "dependencies": {
            "type-detect": {
              "version": "0.1.0",
              "from": "type-detect@0.1.0",
              "resolved": "http://registry.npmjs.org/type-detect/-/type-detect-0.1.0.tgz"
            }
          }
        }
      }
    },
    "escodegen": {
      "version": "0.0.27",
      "from": "escodegen@*",
      "dependencies": {
        "esprima": {
          "version": "1.0.4",
          "from": "esprima@~1.0.2"
        },
        "estraverse": {
          "version": "1.3.1",
          "from": "estraverse@~1.3.0"
        },
        "source-map": {
          "version": "0.1.29",
          "from": "source-map@>= 0.1.2",
          "dependencies": {
            "amdefine": {
              "version": "0.0.8",
              "from": "amdefine@>=0.0.4"
            }
          }
        }
      }
    },
    "ember-script": {
      "version": "0.0.9",
      "from": "ember-script@0.0.9",
      "dependencies": {
        "StringScanner": {
          "version": "0.0.3",
          "from": "StringScanner@~0.0.3"
        },
        "nopt": {
          "version": "2.1.2",
          "from": "nopt@~2.1.2",
          "dependencies": {
            "abbrev": {
              "version": "1.0.4",
              "from": "abbrev@1"
            }
          }
        },
        "esmangle": {
          "version": "0.0.15",
          "from": "esmangle@~0.0.10",
          "dependencies": {
            "esprima": {
              "version": "1.0.4",
              "from": "esprima@~ 1.0.2"
            },
            "escope": {
              "version": "0.0.16",
              "from": "escope@~ 0.0.14"
            },
            "estraverse": {
              "version": "1.1.2-1",
              "from": "estraverse@~ 1.1.1"
            },
            "optimist": {
              "version": "0.6.0",
              "from": "optimist@*",
              "dependencies": {
                "wordwrap": {
                  "version": "0.0.2",
                  "from": "wordwrap@~0.0.2"
                },
                "minimist": {
                  "version": "0.0.5",
                  "from": "minimist@~0.0.1"
                }
              }
            }
          }
        },
        "source-map": {
          "version": "0.1.11",
          "from": "source-map@0.1.11",
          "dependencies": {
            "amdefine": {
              "version": "0.0.8",
              "from": "amdefine@>=0.0.4"
            }
          }
        },
        "cscodegen": {
          "version": "0.1.0",
          "from": "cscodegen@git://github.com/michaelficarra/cscodegen.git#73fd7202ac086c26f18c9d56f025b18b3c6f5383",
          "resolved": "git://github.com/michaelficarra/cscodegen.git#73fd7202ac086c26f18c9d56f025b18b3c6f5383"
        }
      }
    },
    "mocha": {
      "version": "1.13.0",
      "from": "mocha@*",
      "resolved": "http://registry.npmjs.org/mocha/-/mocha-1.13.0.tgz",
      "dependencies": {
        "commander": {
          "version": "0.6.1",
          "from": "commander@0.6.1"
        },
        "growl": {
          "version": "1.7.0",
          "from": "growl@1.7.x"
        },
        "jade": {
          "version": "0.26.3",
          "from": "jade@0.26.3",
          "dependencies": {
            "mkdirp": {
              "version": "0.3.0",
              "from": "mkdirp@0.3.0"
            }
          }
        },
        "diff": {
          "version": "1.0.7",
          "from": "diff@1.0.7",
          "resolved": "http://registry.npmjs.org/diff/-/diff-1.0.7.tgz"
        },
        "debug": {
          "version": "0.7.2",
          "from": "debug@*"
        },
        "glob": {
          "version": "3.2.3",
          "from": "glob@3.2.3",
          "resolved": "http://registry.npmjs.org/glob/-/glob-3.2.3.tgz",
          "dependencies": {
            "minimatch": {
              "version": "0.2.12",
              "from": "minimatch@~0.2.11",
              "dependencies": {
                "lru-cache": {
                  "version": "2.3.1",
                  "from": "lru-cache@2"
                },
                "sigmund": {
                  "version": "1.0.0",
                  "from": "sigmund@~1.0.0"
                }
              }
            },
            "graceful-fs": {
              "version": "2.0.1",
              "from": "graceful-fs@~2.0.0"
            },
            "inherits": {
              "version": "2.0.1",
              "from": "inherits@2"
            }
          }
        }
      }
    },
    "commonjs-everywhere": {
      "version": "0.9.4",
      "from": "commonjs-everywhere@*",
      "resolved": "http://registry.npmjs.org/commonjs-everywhere/-/commonjs-everywhere-0.9.4.tgz",
      "dependencies": {
        "Base64": {
          "version": "0.1.3",
          "from": "Base64@~0.1.2",
          "resolved": "http://registry.npmjs.org/Base64/-/Base64-0.1.3.tgz"
        },
        "coffee-script-redux": {
          "version": "2.0.0-beta7",
          "from": "coffee-script-redux@2.0.0-beta7",
          "dependencies": {
            "StringScanner": {
              "version": "0.0.3",
              "from": "StringScanner@~0.0.3"
            },
            "source-map": {
              "version": "0.1.11",
              "from": "source-map@0.1.11",
              "dependencies": {
                "amdefine": {
                  "version": "0.0.8",
                  "from": "amdefine@>=0.0.4"
                }
              }
            },
            "cscodegen": {
              "version": "0.1.0",
              "from": "cscodegen@git://github.com/michaelficarra/cscodegen.git#73fd7202ac086c26f18c9d56f025b18b3c6f5383",
              "resolved": "git://github.com/michaelficarra/cscodegen.git#73fd7202ac086c26f18c9d56f025b18b3c6f5383"
            }
          }
        },
        "esmangle": {
          "version": "0.0.15",
          "from": "esmangle@~0.0.10",
          "dependencies": {
            "escope": {
              "version": "0.0.16",
              "from": "escope@~ 0.0.14"
            },
            "estraverse": {
              "version": "1.1.2-1",
              "from": "estraverse@~ 1.1.1"
            },
            "source-map": {
              "version": "0.1.29",
              "from": "source-map@~ 0.1.8",
              "dependencies": {
                "amdefine": {
                  "version": "0.0.8",
                  "from": "amdefine@>=0.0.4"
                }
              }
            },
            "optimist": {
              "version": "0.6.0",
              "from": "optimist@*",
              "dependencies": {
                "wordwrap": {
                  "version": "0.0.2",
                  "from": "wordwrap@~0.0.2"
                },
                "minimist": {
                  "version": "0.0.5",
                  "from": "minimist@~0.0.1"
                }
              }
            }
          }
        },
        "esprima": {
          "version": "1.0.4",
          "from": "esprima@~ 1.0.2"
        },
        "estraverse": {
          "version": "1.3.1",
          "from": "estraverse@1.3.x"
        },
        "MD5": {
          "version": "1.1.0",
          "from": "MD5@1.x.x",
          "resolved": "http://registry.npmjs.org/MD5/-/MD5-1.1.0.tgz",
          "dependencies": {
            "charenc": {
              "version": "0.0.1",
              "from": "charenc@>= 0.0.1"
            },
            "crypt": {
              "version": "0.0.1",
              "from": "crypt@>= 0.0.1"
            }
          }
        },
        "mktemp": {
          "version": "0.3.2",
          "from": "mktemp@~0.3.0",
          "resolved": "http://registry.npmjs.org/mktemp/-/mktemp-0.3.2.tgz"
        },
        "nopt": {
          "version": "2.1.2",
          "from": "nopt@~2.1.2",
          "dependencies": {
            "abbrev": {
              "version": "1.0.4",
              "from": "abbrev@1"
            }
          }
        },
        "resolve": {
          "version": "0.5.1",
          "from": "resolve@0.5.x",
          "resolved": "http://registry.npmjs.org/resolve/-/resolve-0.5.1.tgz"
        },
        "buffer-browserify": {
          "version": "0.2.2",
          "from": "buffer-browserify@*",
          "dependencies": {
            "base64-js": {
              "version": "0.0.2",
              "from": "base64-js@0.0.2",
              "resolved": "http://registry.npmjs.org/base64-js/-/base64-js-0.0.2.tgz"
            }
          }
        },
        "constants-browserify": {
          "version": "0.0.1",
          "from": "constants-browserify@>= 0.0.1"
        },
        "crypto-browserify": {
          "version": "1.0.3",
          "from": "crypto-browserify@*",
          "resolved": "http://registry.npmjs.org/crypto-browserify/-/crypto-browserify-1.0.3.tgz"
        },
        "events-browserify": {
          "version": "0.0.1",
          "from": "events-browserify@*"
        },
        "http-browserify": {
          "version": "0.1.13",
          "from": "http-browserify@*",
          "resolved": "http://registry.npmjs.org/http-browserify/-/http-browserify-0.1.13.tgz",
          "dependencies": {
            "concat-stream": {
              "version": "1.0.1",
              "from": "concat-stream@~1.0.0",
              "dependencies": {
                "bops": {
                  "version": "0.0.6",
                  "from": "bops@0.0.6",
                  "dependencies": {
                    "base64-js": {
                      "version": "0.0.2",
                      "from": "base64-js@0.0.2",
                      "resolved": "http://registry.npmjs.org/base64-js/-/base64-js-0.0.2.tgz"
                    },
                    "to-utf8": {
                      "version": "0.0.1",
                      "from": "to-utf8@0.0.1"
                    }
                  }
                }
              }
            }
          }
        },
        "punycode": {
          "version": "1.2.3",
          "from": "punycode@*"
        },
        "querystring": {
          "version": "0.2.0",
          "from": "querystring@*"
        },
        "vm-browserify": {
          "version": "0.0.1",
          "from": "vm-browserify@*"
        },
        "zlib-browserify": {
          "version": "0.0.1",
          "from": "zlib-browserify@*"
        }
      }
    },
    "jquery": {
      "version": "1.8.3",
      "from": "jquery@*",
      "dependencies": {
        "jsdom": {
          "version": "0.2.19",
          "from": "jsdom@~0.2.14",
          "dependencies": {
            "request": {
              "version": "2.27.0",
              "from": "request@2.x",
              "dependencies": {
                "qs": {
                  "version": "0.6.5",
                  "from": "qs@~0.6.0"
                },
                "json-stringify-safe": {
                  "version": "5.0.0",
                  "from": "json-stringify-safe@~5.0.0"
                },
                "forever-agent": {
                  "version": "0.5.0",
                  "from": "forever-agent@~0.5.0"
                },
                "tunnel-agent": {
                  "version": "0.3.0",
                  "from": "tunnel-agent@~0.3.0"
                },
                "http-signature": {
                  "version": "0.10.0",
                  "from": "http-signature@~0.10.0",
                  "dependencies": {
                    "assert-plus": {
                      "version": "0.1.2",
                      "from": "assert-plus@0.1.2"
                    },
                    "asn1": {
                      "version": "0.1.11",
                      "from": "asn1@0.1.11"
                    },
                    "ctype": {
                      "version": "0.5.2",
                      "from": "ctype@0.5.2"
                    }
                  }
                },
                "hawk": {
                  "version": "1.0.0",
                  "from": "hawk@~1.0.0",
                  "dependencies": {
                    "hoek": {
                      "version": "0.9.1",
                      "from": "hoek@0.9.x"
                    },
                    "boom": {
                      "version": "0.4.2",
                      "from": "boom@0.4.x"
                    },
                    "cryptiles": {
                      "version": "0.2.2",
                      "from": "cryptiles@0.2.x"
                    },
                    "sntp": {
                      "version": "0.2.4",
                      "from": "sntp@0.2.x"
                    }
                  }
                },
                "aws-sign": {
                  "version": "0.3.0",
                  "from": "aws-sign@~0.3.0"
                },
                "oauth-sign": {
                  "version": "0.3.0",
                  "from": "oauth-sign@~0.3.0"
                },
                "cookie-jar": {
                  "version": "0.3.0",
                  "from": "cookie-jar@~0.3.0"
                },
                "node-uuid": {
                  "version": "1.4.1",
                  "from": "node-uuid@~1.4.0"
                },
                "mime": {
                  "version": "1.2.11",
                  "from": "mime@~1.2.9"
                },
                "form-data": {
                  "version": "0.1.1",
                  "from": "form-data@~0.1.0",
                  "dependencies": {
                    "combined-stream": {
                      "version": "0.0.4",
                      "from": "combined-stream@~0.0.4",
                      "dependencies": {
                        "delayed-stream": {
                          "version": "0.0.5",
                          "from": "delayed-stream@0.0.5"
                        }
                      }
                    },
                    "async": {
                      "version": "0.2.9",
                      "from": "async@~0.2.9"
                    }
                  }
                }
              }
            },
            "cssom": {
              "version": "0.2.5",
              "from": "cssom@0.2.x"
            },
            "cssstyle": {
              "version": "0.2.3",
              "from": "cssstyle@>=0.2.3"
            }
          }
        },
        "htmlparser": {
          "version": "1.7.6",
          "from": "htmlparser@1.7.6",
          "resolved": "http://registry.npmjs.org/htmlparser/-/htmlparser-1.7.6.tgz"
        },
        "xmlhttprequest": {
          "version": "1.4.2",
          "from": "xmlhttprequest@~1.4.2"
        },
        "location": {
          "version": "0.0.1",
          "from": "location@0.0.1"
        },
        "navigator": {
          "version": "1.0.1",
          "from": "navigator@~1.0.1"
        },
        "contextify": {
          "version": "0.1.6",
          "from": "contextify@~0.1.3",
          "dependencies": {
            "bindings": {
              "version": "1.1.1",
              "from": "bindings@*"
            }
          }
        }
      }
    }
  }
}
